// !$*UTF8*$!
{
	archiveVersion = 1;
	classes = {
	};
	objectVersion = 48;
	objects = {

/* Begin PBXBuildFile section */
		F102475E1FF9D7E4007D4757 /* AppDelegate.m in Sources */ = {isa = PBXBuildFile; fileRef = F102475D1FF9D7E4007D4757 /* AppDelegate.m */; };
		F10247611FF9D7E4007D4757 /* ViewController.m in Sources */ = {isa = PBXBuildFile; fileRef = F10247601FF9D7E4007D4757 /* ViewController.m */; };
		F10247641FF9D7E4007D4757 /* Main.storyboard in Resources */ = {isa = PBXBuildFile; fileRef = F10247621FF9D7E4007D4757 /* Main.storyboard */; };
		F10247661FF9D7E4007D4757 /* Assets.xcassets in Resources */ = {isa = PBXBuildFile; fileRef = F10247651FF9D7E4007D4757 /* Assets.xcassets */; };
		F10247691FF9D7E4007D4757 /* LaunchScreen.storyboard in Resources */ = {isa = PBXBuildFile; fileRef = F10247671FF9D7E4007D4757 /* LaunchScreen.storyboard */; };
		F102476C1FF9D7E4007D4757 /* main.m in Sources */ = {isa = PBXBuildFile; fileRef = F102476B1FF9D7E4007D4757 /* main.m */; };
		F102477A1FF9D84B007D4757 /* MessageFilterExtension.m in Sources */ = {isa = PBXBuildFile; fileRef = F10247791FF9D84B007D4757 /* MessageFilterExtension.m */; };
		F102477E1FF9D84B007D4757 /* ExtensionInterface.appex in Embed App Extensions */ = {isa = PBXBuildFile; fileRef = F10247761FF9D84B007D4757 /* ExtensionInterface.appex */; settings = {ATTRIBUTES = (RemoveHeadersOnCopy, ); }; };
		F1498F4120188838006E2DF9 /* MainTableViewController.m in Sources */ = {isa = PBXBuildFile; fileRef = F1498F4020188838006E2DF9 /* MainTableViewController.m */; };
/* End PBXBuildFile section */

/* Begin PBXContainerItemProxy section */
		F102477C1FF9D84B007D4757 /* PBXContainerItemProxy */ = {
			isa = PBXContainerItemProxy;
			containerPortal = F10247511FF9D7E4007D4757 /* Project object */;
			proxyType = 1;
			remoteGlobalIDString = F10247751FF9D84B007D4757;
			remoteInfo = ExtensionInterface;
		};
/* End PBXContainerItemProxy section */

/* Begin PBXCopyFilesBuildPhase section */
		F10247821FF9D84B007D4757 /* Embed App Extensions */ = {
			isa = PBXCopyFilesBuildPhase;
			buildActionMask = 2147483647;
			dstPath = "";
			dstSubfolderSpec = 13;
			files = (
				F102477E1FF9D84B007D4757 /* ExtensionInterface.appex in Embed App Extensions */,
			);
			name = "Embed App Extensions";
			runOnlyForDeploymentPostprocessing = 0;
		};
/* End PBXCopyFilesBuildPhase section */

/* Begin PBXFileReference section */
		F10247591FF9D7E4007D4757 /* FuckADMS.app */ = {isa = PBXFileReference; explicitFileType = wrapper.application; includeInIndex = 0; path = FuckADMS.app; sourceTree = BUILT_PRODUCTS_DIR; };
		F102475C1FF9D7E4007D4757 /* AppDelegate.h */ = {isa = PBXFileReference; lastKnownFileType = sourcecode.c.h; path = AppDelegate.h; sourceTree = "<group>"; };
		F102475D1FF9D7E4007D4757 /* AppDelegate.m */ = {isa = PBXFileReference; lastKnownFileType = sourcecode.c.objc; path = AppDelegate.m; sourceTree = "<group>"; };
		F102475F1FF9D7E4007D4757 /* ViewController.h */ = {isa = PBXFileReference; lastKnownFileType = sourcecode.c.h; path = ViewController.h; sourceTree = "<group>"; };
		F10247601FF9D7E4007D4757 /* ViewController.m */ = {isa = PBXFileReference; lastKnownFileType = sourcecode.c.objc; path = ViewController.m; sourceTree = "<group>"; };
		F10247631FF9D7E4007D4757 /* Base */ = {isa = PBXFileReference; lastKnownFileType = file.storyboard; name = Base; path = Base.lproj/Main.storyboard; sourceTree = "<group>"; };
		F10247651FF9D7E4007D4757 /* Assets.xcassets */ = {isa = PBXFileReference; lastKnownFileType = folder.assetcatalog; path = Assets.xcassets; sourceTree = "<group>"; };
		F10247681FF9D7E4007D4757 /* Base */ = {isa = PBXFileReference; lastKnownFileType = file.storyboard; name = Base; path = Base.lproj/LaunchScreen.storyboard; sourceTree = "<group>"; };
		F102476A1FF9D7E4007D4757 /* Info.plist */ = {isa = PBXFileReference; lastKnownFileType = text.plist.xml; path = Info.plist; sourceTree = "<group>"; };
		F102476B1FF9D7E4007D4757 /* main.m */ = {isa = PBXFileReference; lastKnownFileType = sourcecode.c.objc; path = main.m; sourceTree = "<group>"; };
		F10247761FF9D84B007D4757 /* ExtensionInterface.appex */ = {isa = PBXFileReference; explicitFileType = "wrapper.app-extension"; includeInIndex = 0; path = ExtensionInterface.appex; sourceTree = BUILT_PRODUCTS_DIR; };
		F10247781FF9D84B007D4757 /* MessageFilterExtension.h */ = {isa = PBXFileReference; lastKnownFileType = sourcecode.c.h; path = MessageFilterExtension.h; sourceTree = "<group>"; };
		F10247791FF9D84B007D4757 /* MessageFilterExtension.m */ = {isa = PBXFileReference; lastKnownFileType = sourcecode.c.objc; path = MessageFilterExtension.m; sourceTree = "<group>"; };
		F102477B1FF9D84B007D4757 /* Info.plist */ = {isa = PBXFileReference; lastKnownFileType = text.plist.xml; path = Info.plist; sourceTree = "<group>"; };
		F1498F3F20188838006E2DF9 /* MainTableViewController.h */ = {isa = PBXFileReference; lastKnownFileType = sourcecode.c.h; path = MainTableViewController.h; sourceTree = "<group>"; };
		F1498F4020188838006E2DF9 /* MainTableViewController.m */ = {isa = PBXFileReference; lastKnownFileType = sourcecode.c.objc; path = MainTableViewController.m; sourceTree = "<group>"; };
/* End PBXFileReference section */

/* Begin PBXFrameworksBuildPhase section */
		F10247561FF9D7E4007D4757 /* Frameworks */ = {
			isa = PBXFrameworksBuildPhase;
			buildActionMask = 2147483647;
			files = (
			);
			runOnlyForDeploymentPostprocessing = 0;
		};
		F10247731FF9D84B007D4757 /* Frameworks */ = {
			isa = PBXFrameworksBuildPhase;
			buildActionMask = 2147483647;
			files = (
			);
			runOnlyForDeploymentPostprocessing = 0;
		};
/* End PBXFrameworksBuildPhase section */

/* Begin PBXGroup section */
		F10247501FF9D7E4007D4757 = {
			isa = PBXGroup;
			children = (
				F102475B1FF9D7E4007D4757 /* FuckADMS */,
				F10247771FF9D84B007D4757 /* ExtensionInterface */,
				F102475A1FF9D7E4007D4757 /* Products */,
			);
			sourceTree = "<group>";
		};
		F102475A1FF9D7E4007D4757 /* Products */ = {
			isa = PBXGroup;
			children = (
				F10247591FF9D7E4007D4757 /* FuckADMS.app */,
				F10247761FF9D84B007D4757 /* ExtensionInterface.appex */,
			);
			name = Products;
			sourceTree = "<group>";
		};
		F102475B1FF9D7E4007D4757 /* FuckADMS */ = {
			isa = PBXGroup;
			children = (
				F102475C1FF9D7E4007D4757 /* AppDelegate.h */,
				F102475D1FF9D7E4007D4757 /* AppDelegate.m */,
				F102475F1FF9D7E4007D4757 /* ViewController.h */,
				F10247601FF9D7E4007D4757 /* ViewController.m */,
				F10247621FF9D7E4007D4757 /* Main.storyboard */,
				F10247651FF9D7E4007D4757 /* Assets.xcassets */,
				F10247671FF9D7E4007D4757 /* LaunchScreen.storyboard */,
				F102476A1FF9D7E4007D4757 /* Info.plist */,
				F102476B1FF9D7E4007D4757 /* main.m */,
				F1498F3F20188838006E2DF9 /* MainTableViewController.h */,
				F1498F4020188838006E2DF9 /* MainTableViewController.m */,
			);
			path = FuckADMS;
			sourceTree = "<group>";
		};
		F10247771FF9D84B007D4757 /* ExtensionInterface */ = {
			isa = PBXGroup;
			children = (
				F10247781FF9D84B007D4757 /* MessageFilterExtension.h */,
				F10247791FF9D84B007D4757 /* MessageFilterExtension.m */,
				F102477B1FF9D84B007D4757 /* Info.plist */,
			);
			path = ExtensionInterface;
			sourceTree = "<group>";
		};
/* End PBXGroup section */

/* Begin PBXNativeTarget section */
		F10247581FF9D7E4007D4757 /* FuckADMS */ = {
			isa = PBXNativeTarget;
			buildConfigurationList = F102476F1FF9D7E4007D4757 /* Build configuration list for PBXNativeTarget "FuckADMS" */;
			buildPhases = (
				F10247551FF9D7E4007D4757 /* Sources */,
				F10247561FF9D7E4007D4757 /* Frameworks */,
				F10247571FF9D7E4007D4757 /* Resources */,
				F10247821FF9D84B007D4757 /* Embed App Extensions */,
			);
			buildRules = (
			);
			dependencies = (
				F102477D1FF9D84B007D4757 /* PBXTargetDependency */,
			);
			name = FuckADMS;
			productName = FuckADMS;
			productReference = F10247591FF9D7E4007D4757 /* FuckADMS.app */;
			productType = "com.apple.product-type.application";
		};
		F10247751FF9D84B007D4757 /* ExtensionInterface */ = {
			isa = PBXNativeTarget;
			buildConfigurationList = F102477F1FF9D84B007D4757 /* Build configuration list for PBXNativeTarget "ExtensionInterface" */;
			buildPhases = (
				F10247721FF9D84B007D4757 /* Sources */,
				F10247731FF9D84B007D4757 /* Frameworks */,
				F10247741FF9D84B007D4757 /* Resources */,
			);
			buildRules = (
			);
			dependencies = (
			);
			name = ExtensionInterface;
			productName = ExtensionInterface;
			productReference = F10247761FF9D84B007D4757 /* ExtensionInterface.appex */;
			productType = "com.apple.product-type.app-extension";
		};
/* End PBXNativeTarget section */

/* Begin PBXProject section */
		F10247511FF9D7E4007D4757 /* Project object */ = {
			isa = PBXProject;
			attributes = {
				LastUpgradeCheck = 0920;
				ORGANIZATIONNAME = "liu zhuzhai";
				TargetAttributes = {
					F10247581FF9D7E4007D4757 = {
						CreatedOnToolsVersion = 9.2;
						ProvisioningStyle = Automatic;
					};
					F10247751FF9D84B007D4757 = {
						CreatedOnToolsVersion = 9.2;
						ProvisioningStyle = Automatic;
					};
				};
			};
			buildConfigurationList = F10247541FF9D7E4007D4757 /* Build configuration list for PBXProject "FuckADMS" */;
			compatibilityVersion = "Xcode 8.0";
			developmentRegion = en;
			hasScannedForEncodings = 0;
			knownRegions = (
				en,
				Base,
			);
			mainGroup = F10247501FF9D7E4007D4757;
			productRefGroup = F102475A1FF9D7E4007D4757 /* Products */;
			projectDirPath = "";
			projectRoot = "";
			targets = (
				F10247581FF9D7E4007D4757 /* FuckADMS */,
				F10247751FF9D84B007D4757 /* ExtensionInterface */,
			);
		};
/* End PBXProject section */

/* Begin PBXResourcesBuildPhase section */
		F10247571FF9D7E4007D4757 /* Resources */ = {
			isa = PBXResourcesBuildPhase;
			buildActionMask = 2147483647;
			files = (
				F10247691FF9D7E4007D4757 /* LaunchScreen.storyboard in Resources */,
				F10247661FF9D7E4007D4757 /* Assets.xcassets in Resources */,
				F10247641FF9D7E4007D4757 /* Main.storyboard in Resources */,
			);
			runOnlyForDeploymentPostprocessing = 0;
		};
		F10247741FF9D84B007D4757 /* Resources */ = {
			isa = PBXResourcesBuildPhase;
			buildActionMask = 2147483647;
			files = (
			);
			runOnlyForDeploymentPostprocessing = 0;
		};
/* End PBXResourcesBuildPhase section */

/* Begin PBXSourcesBuildPhase section */
		F10247551FF9D7E4007D4757 /* Sources */ = {
			isa = PBXSourcesBuildPhase;
			buildActionMask = 2147483647;
			files = (
				F1498F4120188838006E2DF9 /* MainTableViewController.m in Sources */,
				F10247611FF9D7E4007D4757 /* ViewController.m in Sources */,
				F102476C1FF9D7E4007D4757 /* main.m in Sources */,
				F102475E1FF9D7E4007D4757 /* AppDelegate.m in Sources */,
			);
			runOnlyForDeploymentPostprocessing = 0;
		};
		F10247721FF9D84B007D4757 /* Sources */ = {
			isa = PBXSourcesBuildPhase;
			buildActionMask = 2147483647;
			files = (
				F102477A1FF9D84B007D4757 /* MessageFilterExtension.m in Sources */,
			);
			runOnlyForDeploymentPostprocessing = 0;
		};
/* End PBXSourcesBuildPhase section */

/* Begin PBXTargetDependency section */
		F102477D1FF9D84B007D4757 /* PBXTargetDependency */ = {
			isa = PBXTargetDependency;
			target = F10247751FF9D84B007D4757 /* ExtensionInterface */;
			targetProxy = F102477C1FF9D84B007D4757 /* PBXContainerItemProxy */;
		};
/* End PBXTargetDependency section */

/* Begin PBXVariantGroup section */
		F10247621FF9D7E4007D4757 /* Main.storyboard */ = {
			isa = PBXVariantGroup;
			children = (
				F10247631FF9D7E4007D4757 /* Base */,
			);
			name = Main.storyboard;
			sourceTree = "<group>";
		};
		F10247671FF9D7E4007D4757 /* LaunchScreen.storyboard */ = {
			isa = PBXVariantGroup;
			children = (
				F10247681FF9D7E4007D4757 /* Base */,
			);
			name = LaunchScreen.storyboard;
			sourceTree = "<group>";
		};
/* End PBXVariantGroup section */

/* Begin XCBuildConfiguration section */
		F102476D1FF9D7E4007D4757 /* Debug */ = {
			isa = XCBuildConfiguration;
			buildSettings = {
				ALWAYS_SEARCH_USER_PATHS = NO;
				CLANG_ANALYZER_NONNULL = YES;
				CLANG_ANALYZER_NUMBER_OBJECT_CONVERSION = YES_AGGRESSIVE;
				CLANG_CXX_LANGUAGE_STANDARD = "gnu++14";
				CLANG_CXX_LIBRARY = "libc++";
				CLANG_ENABLE_MODULES = YES;
				CLANG_ENABLE_OBJC_ARC = YES;
				CLANG_WARN_BLOCK_CAPTURE_AUTORELEASING = YES;
				CLANG_WARN_BOOL_CONVERSION = YES;
				CLANG_WARN_COMMA = YES;
				CLANG_WARN_CONSTANT_CONVERSION = YES;
				CLANG_WARN_DIRECT_OBJC_ISA_USAGE = YES_ERROR;
				CLANG_WARN_DOCUMENTATION_COMMENTS = YES;
				CLANG_WARN_EMPTY_BODY = YES;
				CLANG_WARN_ENUM_CONVERSION = YES;
				CLANG_WARN_INFINITE_RECURSION = YES;
				CLANG_WARN_INT_CONVERSION = YES;
				CLANG_WARN_NON_LITERAL_NULL_CONVERSION = YES;
				CLANG_WARN_OBJC_LITERAL_CONVERSION = YES;
				CLANG_WARN_OBJC_ROOT_CLASS = YES_ERROR;
				CLANG_WARN_RANGE_LOOP_ANALYSIS = YES;
				CLANG_WARN_STRICT_PROTOTYPES = YES;
				CLANG_WARN_SUSPICIOUS_MOVE = YES;
				CLANG_WARN_UNGUARDED_AVAILABILITY = YES_AGGRESSIVE;
				CLANG_WARN_UNREACHABLE_CODE = YES;
				CLANG_WARN__DUPLICATE_METHOD_MATCH = YES;
				CODE_SIGN_IDENTITY = "iPhone Developer";
				COPY_PHASE_STRIP = NO;
				DEBUG_INFORMATION_FORMAT = dwarf;
				ENABLE_STRICT_OBJC_MSGSEND = YES;
				ENABLE_TESTABILITY = YES;
				GCC_C_LANGUAGE_STANDARD = gnu11;
				GCC_DYNAMIC_NO_PIC = NO;
				GCC_NO_COMMON_BLOCKS = YES;
				GCC_OPTIMIZATION_LEVEL = 0;
				GCC_PREPROCESSOR_DEFINITIONS = (
					"DEBUG=1",
					"$(inherited)",
				);
				GCC_WARN_64_TO_32_BIT_CONVERSION = YES;
				GCC_WARN_ABOUT_RETURN_TYPE = YES_ERROR;
				GCC_WARN_UNDECLARED_SELECTOR = YES;
				GCC_WARN_UNINITIALIZED_AUTOS = YES_AGGRESSIVE;
				GCC_WARN_UNUSED_FUNCTION = YES;
				GCC_WARN_UNUSED_VARIABLE = YES;
				IPHONEOS_DEPLOYMENT_TARGET = 11.2;
				MTL_ENABLE_DEBUG_INFO = YES;
				ONLY_ACTIVE_ARCH = YES;
				SDKROOT = iphoneos;
			};
			name = Debug;
		};
		F102476E1FF9D7E4007D4757 /* Release */ = {
			isa = XCBuildConfiguration;
			buildSettings = {
				ALWAYS_SEARCH_USER_PATHS = NO;
				CLANG_ANALYZER_NONNULL = YES;
				CLANG_ANALYZER_NUMBER_OBJECT_CONVERSION = YES_AGGRESSIVE;
				CLANG_CXX_LANGUAGE_STANDARD = "gnu++14";
				CLANG_CXX_LIBRARY = "libc++";
				CLANG_ENABLE_MODULES = YES;
				CLANG_ENABLE_OBJC_ARC = YES;
				CLANG_WARN_BLOCK_CAPTURE_AUTORELEASING = YES;
				CLANG_WARN_BOOL_CONVERSION = YES;
				CLANG_WARN_COMMA = YES;
				CLANG_WARN_CONSTANT_CONVERSION = YES;
				CLANG_WARN_DIRECT_OBJC_ISA_USAGE = YES_ERROR;
				CLANG_WARN_DOCUMENTATION_COMMENTS = YES;
				CLANG_WARN_EMPTY_BODY = YES;
				CLANG_WARN_ENUM_CONVERSION = YES;
				CLANG_WARN_INFINITE_RECURSION = YES;
				CLANG_WARN_INT_CONVERSION = YES;
				CLANG_WARN_NON_LITERAL_NULL_CONVERSION = YES;
				CLANG_WARN_OBJC_LITERAL_CONVERSION = YES;
				CLANG_WARN_OBJC_ROOT_CLASS = YES_ERROR;
				CLANG_WARN_RANGE_LOOP_ANALYSIS = YES;
				CLANG_WARN_STRICT_PROTOTYPES = YES;
				CLANG_WARN_SUSPICIOUS_MOVE = YES;
				CLANG_WARN_UNGUARDED_AVAILABILITY = YES_AGGRESSIVE;
				CLANG_WARN_UNREACHABLE_CODE = YES;
				CLANG_WARN__DUPLICATE_METHOD_MATCH = YES;
				CODE_SIGN_IDENTITY = "iPhone Developer";
				COPY_PHASE_STRIP = NO;
				DEBUG_INFORMATION_FORMAT = "dwarf-with-dsym";
				ENABLE_NS_ASSERTIONS = NO;
				ENABLE_STRICT_OBJC_MSGSEND = YES;
				GCC_C_LANGUAGE_STANDARD = gnu11;
				GCC_NO_COMMON_BLOCKS = YES;
				GCC_WARN_64_TO_32_BIT_CONVERSION = YES;
				GCC_WARN_ABOUT_RETURN_TYPE = YES_ERROR;
				GCC_WARN_UNDECLARED_SELECTOR = YES;
				GCC_WARN_UNINITIALIZED_AUTOS = YES_AGGRESSIVE;
				GCC_WARN_UNUSED_FUNCTION = YES;
				GCC_WARN_UNUSED_VARIABLE = YES;
				IPHONEOS_DEPLOYMENT_TARGET = 11.2;
				MTL_ENABLE_DEBUG_INFO = NO;
				SDKROOT = iphoneos;
				VALIDATE_PRODUCT = YES;
			};
			name = Release;
		};
		F10247701FF9D7E4007D4757 /* Debug */ = {
			isa = XCBuildConfiguration;
			buildSettings = {
				ASSETCATALOG_COMPILER_APPICON_NAME = AppIcon;
				CODE_SIGN_STYLE = Automatic;
				DEVELOPMENT_TEAM = 8RCJH95LG5;
				INFOPLIST_FILE = FuckADMS/Info.plist;
				LD_RUNPATH_SEARCH_PATHS = "$(inherited) @executable_path/Frameworks";
				PRODUCT_BUNDLE_IDENTIFIER = com.lizhi.testonly;
				PRODUCT_NAME = "$(TARGET_NAME)";
				TARGETED_DEVICE_FAMILY = "1,2";
			};
			name = Debug;
		};
		F10247711FF9D7E4007D4757 /* Release */ = {
			isa = XCBuildConfiguration;
			buildSettings = {
				ASSETCATALOG_COMPILER_APPICON_NAME = AppIcon;
				CODE_SIGN_STYLE = Automatic;
				DEVELOPMENT_TEAM = 8RCJH95LG5;
				INFOPLIST_FILE = FuckADMS/Info.plist;
				LD_RUNPATH_SEARCH_PATHS = "$(inherited) @executable_path/Frameworks";
				PRODUCT_BUNDLE_IDENTIFIER = com.lizhi.testonly;
				PRODUCT_NAME = "$(TARGET_NAME)";
				TARGETED_DEVICE_FAMILY = "1,2";
			};
			name = Release;
		};
		F10247801FF9D84B007D4757 /* Debug */ = {
			isa = XCBuildConfiguration;
			buildSettings = {
				CODE_SIGN_IDENTITY = "Apple Development";
				CODE_SIGN_STYLE = Automatic;
				DEVELOPMENT_TEAM = 8RCJH95LG5;
				INFOPLIST_FILE = ExtensionInterface/Info.plist;
				LD_RUNPATH_SEARCH_PATHS = "$(inherited) @executable_path/Frameworks @executable_path/../../Frameworks";
				PRODUCT_BUNDLE_IDENTIFIER = com.lizhi.testonly.container;
				PRODUCT_NAME = "$(TARGET_NAME)";
				PROVISIONING_PROFILE_SPECIFIER = "";
				SKIP_INSTALL = YES;
				TARGETED_DEVICE_FAMILY = "1,2";
			};
			name = Debug;
		};
		F10247811FF9D84B007D4757 /* Release */ = {
			isa = XCBuildConfiguration;
			buildSettings = {
				CODE_SIGN_IDENTITY = "Apple Development";
				CODE_SIGN_STYLE = Automatic;
				DEVELOPMENT_TEAM = 8RCJH95LG5;
				INFOPLIST_FILE = ExtensionInterface/Info.plist;
				LD_RUNPATH_SEARCH_PATHS = "$(inherited) @executable_path/Frameworks @executable_path/../../Frameworks";
				PRODUCT_BUNDLE_IDENTIFIER = com.lizhi.testonly.container;
				PRODUCT_NAME = "$(TARGET_NAME)";
				PROVISIONING_PROFILE_SPECIFIER = "";
				SKIP_INSTALL = YES;
				TARGETED_DEVICE_FAMILY = "1,2";
			};
			name = Release;
		};
/* End XCBuildConfiguration section */

/* Begin XCConfigurationList section */
		F10247541FF9D7E4007D4757 /* Build configuration list for PBXProject "FuckADMS" */ = {
			isa = XCConfigurationList;
			buildConfigurations = (
				F102476D1FF9D7E4007D4757 /* Debug */,
				F102476E1FF9D7E4007D4757 /* Release */,
			);
			defaultConfigurationIsVisible = 0;
			defaultConfigurationName = Release;
		};
		F102476F1FF9D7E4007D4757 /* Build configuration list for PBXNativeTarget "FuckADMS" */ = {
			isa = XCConfigurationList;
			buildConfigurations = (
				F10247701FF9D7E4007D4757 /* Debug */,
				F10247711FF9D7E4007D4757 /* Release */,
			);
			defaultConfigurationIsVisible = 0;
			defaultConfigurationName = Release;
		};
		F102477F1FF9D84B007D4757 /* Build configuration list for PBXNativeTarget "ExtensionInterface" */ = {
			isa = XCConfigurationList;
			buildConfigurations = (
				F10247801FF9D84B007D4757 /* Debug */,
				F10247811FF9D84B007D4757 /* Release */,
			);
			defaultConfigurationIsVisible = 0;
			defaultConfigurationName = Release;
		};
/* End XCConfigurationList section */
	};
	rootObject = F10247511FF9D7E4007D4757 /* Project object */;
}
